
Microsoft Visual Studio Solution File, Format Version 12.00
# Visual Studio Version 17
VisualStudioVersion = 17.5.002.0
MinimumVisualStudioVersion = 10.0.40219.1
Project("{2150E333-8FDC-42A3-9474-1A3956D46DE8}") = "prepare", "prepare", "{311A5AE5-85CE-4BF1-8B5D-3073B8C26EDB}"
EndProject
Project("{9A19103F-16F7-4668-BE54-9A1E7A4F7556}") = "Learning02", "prepare\Learning02\Learning02.csproj", "{407C6897-768E-44A1-ACB8-830DE3BD3CA4}"
EndProject
Project("{9A19103F-16F7-4668-BE54-9A1E7A4F7556}") = "Learning05", "prepare\Learning05\Learning05.csproj", "{FAD46590-168B-4F82-8A6F-02228364FD27}"
EndProject
Project("{9A19103F-16F7-4668-BE54-9A1E7A4F7556}") = "Learning04", "prepare\Learning04\Learning04.csproj", "{9626C844-964B-4143-895D-6E3EFB2C45EB}"
EndProject
Project("{9A19103F-16F7-4668-BE54-9A1E7A4F7556}") = "Learning03", "prepare\Learning03\Learning03.csproj", "{D9E19252-BE54-4C92-861B-590B1C83E05A}"
EndProject
Project("{2150E333-8FDC-42A3-9474-1A3956D46DE8}") = "prove", "prove", "{C20D6CF8-BF8F-4494-A119-62D51BF991A6}"
EndProject
Project("{9A19103F-16F7-4668-BE54-9A1E7A4F7556}") = "Develop03", "prove\Develop03\Develop03.csproj", "{961800F1-815F-49D7-8D85-DC45EAFE96A3}"
EndProject
Project("{9A19103F-16F7-4668-BE54-9A1E7A4F7556}") = "Develop04", "prove\Develop04\Develop04.csproj", "{CA5EF501-E6C3-4335-ABDF-038E275BB0C3}"
EndProject
Project("{9A19103F-16F7-4668-BE54-9A1E7A4F7556}") = "Develop05", "prove\Develop05\Develop05.csproj", "{5CB7328C-6696-4067-A2E9-555E37A86164}"
EndProject
Project("{9A19103F-16F7-4668-BE54-9A1E7A4F7556}") = "Develop02", "prove\Develop02\Develop02.csproj", "{9A7D753D-927F-4FF2-BF6C-2DC93A63AB13}"
EndProject
Project("{2150E333-8FDC-42A3-9474-1A3956D46DE8}") = "sandbox", "sandbox", "{4A8CBD89-7A21-42CF-8BF3-FCDE55000CEE}"
EndProject
Project("{9A19103F-16F7-4668-BE54-9A1E7A4F7556}") = "Sandbox", "sandbox\Sandbox\Sandbox.csproj", "{10F5996D-7278-4B51-873E-A3CC5F2F2FFD}"
EndProject
Project("{2150E333-8FDC-42A3-9474-1A3956D46DE8}") = "final", "final", "{FEA49132-68CE-48B0-8EF6-4363C1234D77}"
EndProject
Project("{9A19103F-16F7-4668-BE54-9A1E7A4F7556}") = "FinalProject", "final\FinalProject\FinalProject.csproj", "{CEF4DDA6-0ADB-44BF-8A02-6D800E393ABD}"
EndProject
Project("{9A19103F-16F7-4668-BE54-9A1E7A4F7556}") = "Foundation1", "final\Foundation1\Foundation1.csproj", "{1F621145-2927-49A3-BD5C-54D8CB9ED60A}"
EndProject
Project("{9A19103F-16F7-4668-BE54-9A1E7A4F7556}") = "Foundation4", "final\Foundation4\Foundation4.csproj", "{37D5C617-9677-4CD2-BBC7-CBD3734AF3E6}"
EndProject
Project("{9A19103F-16F7-4668-BE54-9A1E7A4F7556}") = "Foundation3", "final\Foundation3\Foundation3.csproj", "{431987BD-6E04-4825-A6F9-27AE71954F03}"
EndProject
Project("{9A19103F-16F7-4668-BE54-9A1E7A4F7556}") = "Foundation2", "final\Foundation2\Foundation2.csproj", "{382AE978-9A62-450E-89A0-D42ACB2F3F9D}"
EndProject
Project("{2150E333-8FDC-42A3-9474-1A3956D46DE8}") = "csharp-prep", "csharp-prep", "{C5713F09-E475-4011-8FFD-9B5900CEAA65}"
EndProject
Project("{9A19103F-16F7-4668-BE54-9A1E7A4F7556}") = "Prep1", "csharp-prep\Prep1\Prep1.csproj", "{98CF1990-3CA2-41DD-9D09-486B34501A66}"
EndProject
Project("{9A19103F-16F7-4668-BE54-9A1E7A4F7556}") = "Prep5", "csharp-prep\Prep5\Prep5.csproj", "{6B6A8C98-AABD-4029-8633-9D2F358F05C4}"
EndProject
Project("{9A19103F-16F7-4668-BE54-9A1E7A4F7556}") = "Prep2", "csharp-prep\Prep2\Prep2.csproj", "{03B84F6C-255F-4962-B2A6-F90BBCC09F26}"
EndProject
Project("{9A19103F-16F7-4668-BE54-9A1E7A4F7556}") = "Prep3", "csharp-prep\Prep3\Prep3.csproj", "{2D760359-909B-40B6-970D-2C5A0BF4C6B6}"
EndProject
Project("{9A19103F-16F7-4668-BE54-9A1E7A4F7556}") = "Prep4", "csharp-prep\Prep4\Prep4.csproj", "{FF521428-704A-4A9C-89F5-75CFF9BA8F6B}"
EndProject
Global
	GlobalSection(SolutionConfigurationPlatforms) = preSolution
		Debug|Any CPU = Debug|Any CPU
		Release|Any CPU = Release|Any CPU
	EndGlobalSection
	GlobalSection(ProjectConfigurationPlatforms) = postSolution
		{407C6897-768E-44A1-ACB8-830DE3BD3CA4}.Debug|Any CPU.ActiveCfg = Debug|Any CPU
		{407C6897-768E-44A1-ACB8-830DE3BD3CA4}.Debug|Any CPU.Build.0 = Debug|Any CPU
		{407C6897-768E-44A1-ACB8-830DE3BD3CA4}.Release|Any CPU.ActiveCfg = Release|Any CPU
		{407C6897-768E-44A1-ACB8-830DE3BD3CA4}.Release|Any CPU.Build.0 = Release|Any CPU
		{FAD46590-168B-4F82-8A6F-02228364FD27}.Debug|Any CPU.ActiveCfg = Debug|Any CPU
		{FAD46590-168B-4F82-8A6F-02228364FD27}.Debug|Any CPU.Build.0 = Debug|Any CPU
		{FAD46590-168B-4F82-8A6F-02228364FD27}.Release|Any CPU.ActiveCfg = Release|Any CPU
		{FAD46590-168B-4F82-8A6F-02228364FD27}.Release|Any CPU.Build.0 = Release|Any CPU
		{9626C844-964B-4143-895D-6E3EFB2C45EB}.Debug|Any CPU.ActiveCfg = Debug|Any CPU
		{9626C844-964B-4143-895D-6E3EFB2C45EB}.Debug|Any CPU.Build.0 = Debug|Any CPU
		{9626C844-964B-4143-895D-6E3EFB2C45EB}.Release|Any CPU.ActiveCfg = Release|Any CPU
		{9626C844-964B-4143-895D-6E3EFB2C45EB}.Release|Any CPU.Build.0 = Release|Any CPU
		{D9E19252-BE54-4C92-861B-590B1C83E05A}.Debug|Any CPU.ActiveCfg = Debug|Any CPU
		{D9E19252-BE54-4C92-861B-590B1C83E05A}.Debug|Any CPU.Build.0 = Debug|Any CPU
		{D9E19252-BE54-4C92-861B-590B1C83E05A}.Release|Any CPU.ActiveCfg = Release|Any CPU
		{D9E19252-BE54-4C92-861B-590B1C83E05A}.Release|Any CPU.Build.0 = Release|Any CPU
		{961800F1-815F-49D7-8D85-DC45EAFE96A3}.Debug|Any CPU.ActiveCfg = Debug|Any CPU
		{961800F1-815F-49D7-8D85-DC45EAFE96A3}.Debug|Any CPU.Build.0 = Debug|Any CPU
		{961800F1-815F-49D7-8D85-DC45EAFE96A3}.Release|Any CPU.ActiveCfg = Release|Any CPU
		{961800F1-815F-49D7-8D85-DC45EAFE96A3}.Release|Any CPU.Build.0 = Release|Any CPU
		{CA5EF501-E6C3-4335-ABDF-038E275BB0C3}.Debug|Any CPU.ActiveCfg = Debug|Any CPU
		{CA5EF501-E6C3-4335-ABDF-038E275BB0C3}.Debug|Any CPU.Build.0 = Debug|Any CPU
		{CA5EF501-E6C3-4335-ABDF-038E275BB0C3}.Release|Any CPU.ActiveCfg = Release|Any CPU
		{CA5EF501-E6C3-4335-ABDF-038E275BB0C3}.Release|Any CPU.Build.0 = Release|Any CPU
		{5CB7328C-6696-4067-A2E9-555E37A86164}.Debug|Any CPU.ActiveCfg = Debug|Any CPU
		{5CB7328C-6696-4067-A2E9-555E37A86164}.Debug|Any CPU.Build.0 = Debug|Any CPU
		{5CB7328C-6696-4067-A2E9-555E37A86164}.Release|Any CPU.ActiveCfg = Release|Any CPU
		{5CB7328C-6696-4067-A2E9-555E37A86164}.Release|Any CPU.Build.0 = Release|Any CPU
		{9A7D753D-927F-4FF2-BF6C-2DC93A63AB13}.Debug|Any CPU.ActiveCfg = Debug|Any CPU
		{9A7D753D-927F-4FF2-BF6C-2DC93A63AB13}.Debug|Any CPU.Build.0 = Debug|Any CPU
		{9A7D753D-927F-4FF2-BF6C-2DC93A63AB13}.Release|Any CPU.ActiveCfg = Release|Any CPU
		{9A7D753D-927F-4FF2-BF6C-2DC93A63AB13}.Release|Any CPU.Build.0 = Release|Any CPU
		{10F5996D-7278-4B51-873E-A3CC5F2F2FFD}.Debug|Any CPU.ActiveCfg = Debug|Any CPU
		{10F5996D-7278-4B51-873E-A3CC5F2F2FFD}.Debug|Any CPU.Build.0 = Debug|Any CPU
		{10F5996D-7278-4B51-873E-A3CC5F2F2FFD}.Release|Any CPU.ActiveCfg = Release|Any CPU
		{10F5996D-7278-4B51-873E-A3CC5F2F2FFD}.Release|Any CPU.Build.0 = Release|Any CPU
		{CEF4DDA6-0ADB-44BF-8A02-6D800E393ABD}.Debug|Any CPU.ActiveCfg = Debug|Any CPU
		{CEF4DDA6-0ADB-44BF-8A02-6D800E393ABD}.Debug|Any CPU.Build.0 = Debug|Any CPU
		{CEF4DDA6-0ADB-44BF-8A02-6D800E393ABD}.Release|Any CPU.ActiveCfg = Release|Any CPU
		{CEF4DDA6-0ADB-44BF-8A02-6D800E393ABD}.Release|Any CPU.Build.0 = Release|Any CPU
		{1F621145-2927-49A3-BD5C-54D8CB9ED60A}.Debug|Any CPU.ActiveCfg = Debug|Any CPU
		{1F621145-2927-49A3-BD5C-54D8CB9ED60A}.Debug|Any CPU.Build.0 = Debug|Any CPU
		{1F621145-2927-49A3-BD5C-54D8CB9ED60A}.Release|Any CPU.ActiveCfg = Release|Any CPU
		{1F621145-2927-49A3-BD5C-54D8CB9ED60A}.Release|Any CPU.Build.0 = Release|Any CPU
		{37D5C617-9677-4CD2-BBC7-CBD3734AF3E6}.Debug|Any CPU.ActiveCfg = Debug|Any CPU
		{37D5C617-9677-4CD2-BBC7-CBD3734AF3E6}.Debug|Any CPU.Build.0 = Debug|Any CPU
		{37D5C617-9677-4CD2-BBC7-CBD3734AF3E6}.Release|Any CPU.ActiveCfg = Release|Any CPU
		{37D5C617-9677-4CD2-BBC7-CBD3734AF3E6}.Release|Any CPU.Build.0 = Release|Any CPU
		{431987BD-6E04-4825-A6F9-27AE71954F03}.Debug|Any CPU.ActiveCfg = Debug|Any CPU
		{431987BD-6E04-4825-A6F9-27AE71954F03}.Debug|Any CPU.Build.0 = Debug|Any CPU
		{431987BD-6E04-4825-A6F9-27AE71954F03}.Release|Any CPU.ActiveCfg = Release|Any CPU
		{431987BD-6E04-4825-A6F9-27AE71954F03}.Release|Any CPU.Build.0 = Release|Any CPU
		{382AE978-9A62-450E-89A0-D42ACB2F3F9D}.Debug|Any CPU.ActiveCfg = Debug|Any CPU
		{382AE978-9A62-450E-89A0-D42ACB2F3F9D}.Debug|Any CPU.Build.0 = Debug|Any CPU
		{382AE978-9A62-450E-89A0-D42ACB2F3F9D}.Release|Any CPU.ActiveCfg = Release|Any CPU
		{382AE978-9A62-450E-89A0-D42ACB2F3F9D}.Release|Any CPU.Build.0 = Release|Any CPU
		{98CF1990-3CA2-41DD-9D09-486B34501A66}.Debug|Any CPU.ActiveCfg = Debug|Any CPU
		{98CF1990-3CA2-41DD-9D09-486B34501A66}.Debug|Any CPU.Build.0 = Debug|Any CPU
		{98CF1990-3CA2-41DD-9D09-486B34501A66}.Release|Any CPU.ActiveCfg = Release|Any CPU
		{98CF1990-3CA2-41DD-9D09-486B34501A66}.Release|Any CPU.Build.0 = Release|Any CPU
		{6B6A8C98-AABD-4029-8633-9D2F358F05C4}.Debug|Any CPU.ActiveCfg = Debug|Any CPU
		{6B6A8C98-AABD-4029-8633-9D2F358F05C4}.Debug|Any CPU.Build.0 = Debug|Any CPU
		{6B6A8C98-AABD-4029-8633-9D2F358F05C4}.Release|Any CPU.ActiveCfg = Release|Any CPU
		{6B6A8C98-AABD-4029-8633-9D2F358F05C4}.Release|Any CPU.Build.0 = Release|Any CPU
		{03B84F6C-255F-4962-B2A6-F90BBCC09F26}.Debug|Any CPU.ActiveCfg = Debug|Any CPU
		{03B84F6C-255F-4962-B2A6-F90BBCC09F26}.Debug|Any CPU.Build.0 = Debug|Any CPU
		{03B84F6C-255F-4962-B2A6-F90BBCC09F26}.Release|Any CPU.ActiveCfg = Release|Any CPU
		{03B84F6C-255F-4962-B2A6-F90BBCC09F26}.Release|Any CPU.Build.0 = Release|Any CPU
		{2D760359-909B-40B6-970D-2C5A0BF4C6B6}.Debug|Any CPU.ActiveCfg = Debug|Any CPU
		{2D760359-909B-40B6-970D-2C5A0BF4C6B6}.Debug|Any CPU.Build.0 = Debug|Any CPU
		{2D760359-909B-40B6-970D-2C5A0BF4C6B6}.Release|Any CPU.ActiveCfg = Release|Any CPU
		{2D760359-909B-40B6-970D-2C5A0BF4C6B6}.Release|Any CPU.Build.0 = Release|Any CPU
		{FF521428-704A-4A9C-89F5-75CFF9BA8F6B}.Debug|Any CPU.ActiveCfg = Debug|Any CPU
		{FF521428-704A-4A9C-89F5-75CFF9BA8F6B}.Debug|Any CPU.Build.0 = Debug|Any CPU
		{FF521428-704A-4A9C-89F5-75CFF9BA8F6B}.Release|Any CPU.ActiveCfg = Release|Any CPU
		{FF521428-704A-4A9C-89F5-75CFF9BA8F6B}.Release|Any CPU.Build.0 = Release|Any CPU
	EndGlobalSection
	GlobalSection(SolutionProperties) = preSolution
		HideSolutionNode = FALSE
	EndGlobalSection
	GlobalSection(NestedProjects) = preSolution
		{407C6897-768E-44A1-ACB8-830DE3BD3CA4} = {311A5AE5-85CE-4BF1-8B5D-3073B8C26EDB}
		{FAD46590-168B-4F82-8A6F-02228364FD27} = {311A5AE5-85CE-4BF1-8B5D-3073B8C26EDB}
		{9626C844-964B-4143-895D-6E3EFB2C45EB} = {311A5AE5-85CE-4BF1-8B5D-3073B8C26EDB}
		{D9E19252-BE54-4C92-861B-590B1C83E05A} = {311A5AE5-85CE-4BF1-8B5D-3073B8C26EDB}
		{961800F1-815F-49D7-8D85-DC45EAFE96A3} = {C20D6CF8-BF8F-4494-A119-62D51BF991A6}
		{CA5EF501-E6C3-4335-ABDF-038E275BB0C3} = {C20D6CF8-BF8F-4494-A119-62D51BF991A6}
		{5CB7328C-6696-4067-A2E9-555E37A86164} = {C20D6CF8-BF8F-4494-A119-62D51BF991A6}
		{9A7D753D-927F-4FF2-BF6C-2DC93A63AB13} = {C20D6CF8-BF8F-4494-A119-62D51BF991A6}
		{10F5996D-7278-4B51-873E-A3CC5F2F2FFD} = {4A8CBD89-7A21-42CF-8BF3-FCDE55000CEE}
		{CEF4DDA6-0ADB-44BF-8A02-6D800E393ABD} = {FEA49132-68CE-48B0-8EF6-4363C1234D77}
		{1F621145-2927-49A3-BD5C-54D8CB9ED60A} = {FEA49132-68CE-48B0-8EF6-4363C1234D77}
		{37D5C617-9677-4CD2-BBC7-CBD3734AF3E6} = {FEA49132-68CE-48B0-8EF6-4363C1234D77}
		{431987BD-6E04-4825-A6F9-27AE71954F03} = {FEA49132-68CE-48B0-8EF6-4363C1234D77}
		{382AE978-9A62-450E-89A0-D42ACB2F3F9D} = {FEA49132-68CE-48B0-8EF6-4363C1234D77}
		{98CF1990-3CA2-41DD-9D09-486B34501A66} = {C5713F09-E475-4011-8FFD-9B5900CEAA65}
		{6B6A8C98-AABD-4029-8633-9D2F358F05C4} = {C5713F09-E475-4011-8FFD-9B5900CEAA65}
		{03B84F6C-255F-4962-B2A6-F90BBCC09F26} = {C5713F09-E475-4011-8FFD-9B5900CEAA65}
		{2D760359-909B-40B6-970D-2C5A0BF4C6B6} = {C5713F09-E475-4011-8FFD-9B5900CEAA65}
		{FF521428-704A-4A9C-89F5-75CFF9BA8F6B} = {C5713F09-E475-4011-8FFD-9B5900CEAA65}
	EndGlobalSection
	GlobalSection(ExtensibilityGlobals) = postSolution
		SolutionGuid = {54D392AC-0224-4BD4-B14E-D5889E347813}
	EndGlobalSection
EndGlobal
